// !$*UTF8*$!
{
	archiveVersion = 1;
	classes = {
	};
	objectVersion = 48;
	objects = {

/* Begin PBXBuildFile section */
		CB5B826B233B59F1007BDB0A /* AppDelegate.swift in Sources */ = {isa = PBXBuildFile; fileRef = CB5B826A233B59F1007BDB0A /* AppDelegate.swift */; };
		CB5B826D233B59F1007BDB0A /* ViewController.swift in Sources */ = {isa = PBXBuildFile; fileRef = CB5B826C233B59F1007BDB0A /* ViewController.swift */; };
		CB5B8270233B59F1007BDB0A /* Main.storyboard in Resources */ = {isa = PBXBuildFile; fileRef = CB5B826E233B59F1007BDB0A /* Main.storyboard */; };
		CB5B8273233B59F1007BDB0A /* CustomCell.xcdatamodeld in Sources */ = {isa = PBXBuildFile; fileRef = CB5B8271233B59F1007BDB0A /* CustomCell.xcdatamodeld */; };
		CB5B8275233B59F1007BDB0A /* Assets.xcassets in Resources */ = {isa = PBXBuildFile; fileRef = CB5B8274233B59F1007BDB0A /* Assets.xcassets */; };
		CB5B8278233B59F1007BDB0A /* LaunchScreen.storyboard in Resources */ = {isa = PBXBuildFile; fileRef = CB5B8276233B59F1007BDB0A /* LaunchScreen.storyboard */; };
		CB5B8283233B59F1007BDB0A /* CustomCellTests.swift in Sources */ = {isa = PBXBuildFile; fileRef = CB5B8282233B59F1007BDB0A /* CustomCellTests.swift */; };
		CB5B828E233B59F1007BDB0A /* CustomCellUITests.swift in Sources */ = {isa = PBXBuildFile; fileRef = CB5B828D233B59F1007BDB0A /* CustomCellUITests.swift */; };
/* End PBXBuildFile section */

/* Begin PBXContainerItemProxy section */
		CB5B827F233B59F1007BDB0A /* PBXContainerItemProxy */ = {
			isa = PBXContainerItemProxy;
			containerPortal = CB5B825F233B59F1007BDB0A /* Project object */;
			proxyType = 1;
			remoteGlobalIDString = CB5B8266233B59F1007BDB0A;
			remoteInfo = CustomCell;
		};
		CB5B828A233B59F1007BDB0A /* PBXContainerItemProxy */ = {
			isa = PBXContainerItemProxy;
			containerPortal = CB5B825F233B59F1007BDB0A /* Project object */;
			proxyType = 1;
			remoteGlobalIDString = CB5B8266233B59F1007BDB0A;
			remoteInfo = CustomCell;
		};
/* End PBXContainerItemProxy section */

/* Begin PBXFileReference section */
		CB5B8267233B59F1007BDB0A /* CustomCell.app */ = {isa = PBXFileReference; explicitFileType = wrapper.application; includeInIndex = 0; path = CustomCell.app; sourceTree = BUILT_PRODUCTS_DIR; };
		CB5B826A233B59F1007BDB0A /* AppDelegate.swift */ = {isa = PBXFileReference; lastKnownFileType = sourcecode.swift; path = AppDelegate.swift; sourceTree = "<group>"; };
		CB5B826C233B59F1007BDB0A /* ViewController.swift */ = {isa = PBXFileReference; lastKnownFileType = sourcecode.swift; path = ViewController.swift; sourceTree = "<group>"; };
		CB5B826F233B59F1007BDB0A /* Base */ = {isa = PBXFileReference; lastKnownFileType = file.storyboard; name = Base; path = Base.lproj/Main.storyboard; sourceTree = "<group>"; };
		CB5B8272233B59F1007BDB0A /* CustomCell.xcdatamodel */ = {isa = PBXFileReference; lastKnownFileType = wrapper.xcdatamodel; path = CustomCell.xcdatamodel; sourceTree = "<group>"; };
		CB5B8274233B59F1007BDB0A /* Assets.xcassets */ = {isa = PBXFileReference; lastKnownFileType = folder.assetcatalog; path = Assets.xcassets; sourceTree = "<group>"; };
		CB5B8277233B59F1007BDB0A /* Base */ = {isa = PBXFileReference; lastKnownFileType = file.storyboard; name = Base; path = Base.lproj/LaunchScreen.storyboard; sourceTree = "<group>"; };
		CB5B8279233B59F1007BDB0A /* Info.plist */ = {isa = PBXFileReference; lastKnownFileType = text.plist.xml; path = Info.plist; sourceTree = "<group>"; };
		CB5B827E233B59F1007BDB0A /* CustomCellTests.xctest */ = {isa = PBXFileReference; explicitFileType = wrapper.cfbundle; includeInIndex = 0; path = CustomCellTests.xctest; sourceTree = BUILT_PRODUCTS_DIR; };
		CB5B8282233B59F1007BDB0A /* CustomCellTests.swift */ = {isa = PBXFileReference; lastKnownFileType = sourcecode.swift; path = CustomCellTests.swift; sourceTree = "<group>"; };
		CB5B8284233B59F1007BDB0A /* Info.plist */ = {isa = PBXFileReference; lastKnownFileType = text.plist.xml; path = Info.plist; sourceTree = "<group>"; };
		CB5B8289233B59F1007BDB0A /* CustomCellUITests.xctest */ = {isa = PBXFileReference; explicitFileType = wrapper.cfbundle; includeInIndex = 0; path = CustomCellUITests.xctest; sourceTree = BUILT_PRODUCTS_DIR; };
		CB5B828D233B59F1007BDB0A /* CustomCellUITests.swift */ = {isa = PBXFileReference; lastKnownFileType = sourcecode.swift; path = CustomCellUITests.swift; sourceTree = "<group>"; };
		CB5B828F233B59F1007BDB0A /* Info.plist */ = {isa = PBXFileReference; lastKnownFileType = text.plist.xml; path = Info.plist; sourceTree = "<group>"; };
/* End PBXFileReference section */

/* Begin PBXFrameworksBuildPhase section */
		CB5B8264233B59F1007BDB0A /* Frameworks */ = {
			isa = PBXFrameworksBuildPhase;
			buildActionMask = 2147483647;
			files = (
			);
			runOnlyForDeploymentPostprocessing = 0;
		};
		CB5B827B233B59F1007BDB0A /* Frameworks */ = {
			isa = PBXFrameworksBuildPhase;
			buildActionMask = 2147483647;
			files = (
			);
			runOnlyForDeploymentPostprocessing = 0;
		};
		CB5B8286233B59F1007BDB0A /* Frameworks */ = {
			isa = PBXFrameworksBuildPhase;
			buildActionMask = 2147483647;
			files = (
			);
			runOnlyForDeploymentPostprocessing = 0;
		};
/* End PBXFrameworksBuildPhase section */

/* Begin PBXGroup section */
		CB5B825E233B59F1007BDB0A = {
			isa = PBXGroup;
			children = (
				CB5B8269233B59F1007BDB0A /* CustomCell */,
				CB5B8281233B59F1007BDB0A /* CustomCellTests */,
				CB5B828C233B59F1007BDB0A /* CustomCellUITests */,
				CB5B8268233B59F1007BDB0A /* Products */,
			);
			sourceTree = "<group>";
		};
		CB5B8268233B59F1007BDB0A /* Products */ = {
			isa = PBXGroup;
			children = (
				CB5B8267233B59F1007BDB0A /* CustomCell.app */,
				CB5B827E233B59F1007BDB0A /* CustomCellTests.xctest */,
				CB5B8289233B59F1007BDB0A /* CustomCellUITests.xctest */,
			);
			name = Products;
			sourceTree = "<group>";
		};
		CB5B8269233B59F1007BDB0A /* CustomCell */ = {
			isa = PBXGroup;
			children = (
				CB5B826A233B59F1007BDB0A /* AppDelegate.swift */,
				CB5B826C233B59F1007BDB0A /* ViewController.swift */,
				CB5B826E233B59F1007BDB0A /* Main.storyboard */,
				CB5B8274233B59F1007BDB0A /* Assets.xcassets */,
				CB5B8276233B59F1007BDB0A /* LaunchScreen.storyboard */,
				CB5B8279233B59F1007BDB0A /* Info.plist */,
				CB5B8271233B59F1007BDB0A /* CustomCell.xcdatamodeld */,
			);
			path = CustomCell;
			sourceTree = "<group>";
		};
		CB5B8281233B59F1007BDB0A /* CustomCellTests */ = {
			isa = PBXGroup;
			children = (
				CB5B8282233B59F1007BDB0A /* CustomCellTests.swift */,
				CB5B8284233B59F1007BDB0A /* Info.plist */,
			);
			path = CustomCellTests;
			sourceTree = "<group>";
		};
		CB5B828C233B59F1007BDB0A /* CustomCellUITests */ = {
			isa = PBXGroup;
			children = (
				CB5B828D233B59F1007BDB0A /* CustomCellUITests.swift */,
				CB5B828F233B59F1007BDB0A /* Info.plist */,
			);
			path = CustomCellUITests;
			sourceTree = "<group>";
		};
/* End PBXGroup section */

/* Begin PBXNativeTarget section */
		CB5B8266233B59F1007BDB0A /* CustomCell */ = {
			isa = PBXNativeTarget;
			buildConfigurationList = CB5B8292233B59F1007BDB0A /* Build configuration list for PBXNativeTarget "CustomCell" */;
			buildPhases = (
				CB5B8263233B59F1007BDB0A /* Sources */,
				CB5B8264233B59F1007BDB0A /* Frameworks */,
				CB5B8265233B59F1007BDB0A /* Resources */,
			);
			buildRules = (
			);
			dependencies = (
			);
			name = CustomCell;
			productName = CustomCell;
			productReference = CB5B8267233B59F1007BDB0A /* CustomCell.app */;
			productType = "com.apple.product-type.application";
		};
		CB5B827D233B59F1007BDB0A /* CustomCellTests */ = {
			isa = PBXNativeTarget;
			buildConfigurationList = CB5B8295233B59F1007BDB0A /* Build configuration list for PBXNativeTarget "CustomCellTests" */;
			buildPhases = (
				CB5B827A233B59F1007BDB0A /* Sources */,
				CB5B827B233B59F1007BDB0A /* Frameworks */,
				CB5B827C233B59F1007BDB0A /* Resources */,
			);
			buildRules = (
			);
			dependencies = (
				CB5B8280233B59F1007BDB0A /* PBXTargetDependency */,
			);
			name = CustomCellTests;
			productName = CustomCellTests;
			productReference = CB5B827E233B59F1007BDB0A /* CustomCellTests.xctest */;
			productType = "com.apple.product-type.bundle.unit-test";
		};
		CB5B8288233B59F1007BDB0A /* CustomCellUITests */ = {
			isa = PBXNativeTarget;
			buildConfigurationList = CB5B8298233B59F1007BDB0A /* Build configuration list for PBXNativeTarget "CustomCellUITests" */;
			buildPhases = (
				CB5B8285233B59F1007BDB0A /* Sources */,
				CB5B8286233B59F1007BDB0A /* Frameworks */,
				CB5B8287233B59F1007BDB0A /* Resources */,
			);
			buildRules = (
			);
			dependencies = (
				CB5B828B233B59F1007BDB0A /* PBXTargetDependency */,
			);
			name = CustomCellUITests;
			productName = CustomCellUITests;
			productReference = CB5B8289233B59F1007BDB0A /* CustomCellUITests.xctest */;
			productType = "com.apple.product-type.bundle.ui-testing";
		};
/* End PBXNativeTarget section */

/* Begin PBXProject section */
		CB5B825F233B59F1007BDB0A /* Project object */ = {
			isa = PBXProject;
			attributes = {
				LastSwiftUpdateCheck = 0920;
				LastUpgradeCheck = 0920;
				ORGANIZATIONNAME = "COE-01";
				TargetAttributes = {
					CB5B8266233B59F1007BDB0A = {
						CreatedOnToolsVersion = 9.2;
						ProvisioningStyle = Automatic;
					};
					CB5B827D233B59F1007BDB0A = {
						CreatedOnToolsVersion = 9.2;
						ProvisioningStyle = Automatic;
						TestTargetID = CB5B8266233B59F1007BDB0A;
					};
					CB5B8288233B59F1007BDB0A = {
						CreatedOnToolsVersion = 9.2;
						ProvisioningStyle = Automatic;
						TestTargetID = CB5B8266233B59F1007BDB0A;
					};
				};
			};
			buildConfigurationList = CB5B8262233B59F1007BDB0A /* Build configuration list for PBXProject "CustomCell" */;
			compatibilityVersion = "Xcode 8.0";
			developmentRegion = en;
			hasScannedForEncodings = 0;
			knownRegions = (
				en,
				Base,
			);
			mainGroup = CB5B825E233B59F1007BDB0A;
			productRefGroup = CB5B8268233B59F1007BDB0A /* Products */;
			projectDirPath = "";
			projectRoot = "";
			targets = (
				CB5B8266233B59F1007BDB0A /* CustomCell */,
				CB5B827D233B59F1007BDB0A /* CustomCellTests */,
				CB5B8288233B59F1007BDB0A /* CustomCellUITests */,
			);
		};
/* End PBXProject section */

/* Begin PBXResourcesBuildPhase section */
		CB5B8265233B59F1007BDB0A /* Resources */ = {
			isa = PBXResourcesBuildPhase;
			buildActionMask = 2147483647;
			files = (
				CB5B8278233B59F1007BDB0A /* LaunchScreen.storyboard in Resources */,
				CB5B8275233B59F1007BDB0A /* Assets.xcassets in Resources */,
				CB5B8270233B59F1007BDB0A /* Main.storyboard in Resources */,
			);
			runOnlyForDeploymentPostprocessing = 0;
		};
		CB5B827C233B59F1007BDB0A /* Resources */ = {
			isa = PBXResourcesBuildPhase;
			buildActionMask = 2147483647;
			files = (
			);
			runOnlyForDeploymentPostprocessing = 0;
		};
		CB5B8287233B59F1007BDB0A /* Resources */ = {
			isa = PBXResourcesBuildPhase;
			buildActionMask = 2147483647;
			files = (
			);
			runOnlyForDeploymentPostprocessing = 0;
		};
/* End PBXResourcesBuildPhase section */

/* Begin PBXSourcesBuildPhase section */
		CB5B8263233B59F1007BDB0A /* Sources */ = {
			isa = PBXSourcesBuildPhase;
			buildActionMask = 2147483647;
			files = (
				CB5B826D233B59F1007BDB0A /* ViewController.swift in Sources */,
				CB5B8273233B59F1007BDB0A /* CustomCell.xcdatamodeld in Sources */,
				CB5B826B233B59F1007BDB0A /* AppDelegate.swift in Sources */,
			);
			runOnlyForDeploymentPostprocessing = 0;
		};
		CB5B827A233B59F1007BDB0A /* Sources */ = {
			isa = PBXSourcesBuildPhase;
			buildActionMask = 2147483647;
			files = (
				CB5B8283233B59F1007BDB0A /* CustomCellTests.swift in Sources */,
			);
			runOnlyForDeploymentPostprocessing = 0;
		};
		CB5B8285233B59F1007BDB0A /* Sources */ = {
			isa = PBXSourcesBuildPhase;
			buildActionMask = 2147483647;
			files = (
				CB5B828E233B59F1007BDB0A /* CustomCellUITests.swift in Sources */,
			);
			runOnlyForDeploymentPostprocessing = 0;
		};
/* End PBXSourcesBuildPhase section */

/* Begin PBXTargetDependency section */
		CB5B8280233B59F1007BDB0A /* PBXTargetDependency */ = {
			isa = PBXTargetDependency;
			target = CB5B8266233B59F1007BDB0A /* CustomCell */;
			targetProxy = CB5B827F233B59F1007BDB0A /* PBXContainerItemProxy */;
		};
		CB5B828B233B59F1007BDB0A /* PBXTargetDependency */ = {
			isa = PBXTargetDependency;
			target = CB5B8266233B59F1007BDB0A /* CustomCell */;
			targetProxy = CB5B828A233B59F1007BDB0A /* PBXContainerItemProxy */;
		};
/* End PBXTargetDependency section */

/* Begin PBXVariantGroup section */
		CB5B826E233B59F1007BDB0A /* Main.storyboard */ = {
			isa = PBXVariantGroup;
			children = (
				CB5B826F233B59F1007BDB0A /* Base */,
			);
			name = Main.storyboard;
			sourceTree = "<group>";
		};
		CB5B8276233B59F1007BDB0A /* LaunchScreen.storyboard */ = {
			isa = PBXVariantGroup;
			children = (
				CB5B8277233B59F1007BDB0A /* Base */,
			);
			name = LaunchScreen.storyboard;
			sourceTree = "<group>";
		};
/* End PBXVariantGroup section */

/* Begin XCBuildConfiguration section */
		CB5B8290233B59F1007BDB0A /* Debug */ = {
			isa = XCBuildConfiguration;
			buildSettings = {
				ALWAYS_SEARCH_USER_PATHS = NO;
				CLANG_ANALYZER_NONNULL = YES;
				CLANG_ANALYZER_NUMBER_OBJECT_CONVERSION = YES_AGGRESSIVE;
				CLANG_CXX_LANGUAGE_STANDARD = "gnu++14";
				CLANG_CXX_LIBRARY = "libc++";
				CLANG_ENABLE_MODULES = YES;
				CLANG_ENABLE_OBJC_ARC = YES;
				CLANG_WARN_BLOCK_CAPTURE_AUTORELEASING = YES;
				CLANG_WARN_BOOL_CONVERSION = YES;
				CLANG_WARN_COMMA = YES;
				CLANG_WARN_CONSTANT_CONVERSION = YES;
				CLANG_WARN_DIRECT_OBJC_ISA_USAGE = YES_ERROR;
				CLANG_WARN_DOCUMENTATION_COMMENTS = YES;
				CLANG_WARN_EMPTY_BODY = YES;
				CLANG_WARN_ENUM_CONVERSION = YES;
				CLANG_WARN_INFINITE_RECURSION = YES;
				CLANG_WARN_INT_CONVERSION = YES;
				CLANG_WARN_NON_LITERAL_NULL_CONVERSION = YES;
				CLANG_WARN_OBJC_LITERAL_CONVERSION = YES;
				CLANG_WARN_OBJC_ROOT_CLASS = YES_ERROR;
				CLANG_WARN_RANGE_LOOP_ANALYSIS = YES;
				CLANG_WARN_STRICT_PROTOTYPES = YES;
				CLANG_WARN_SUSPICIOUS_MOVE = YES;
				CLANG_WARN_UNGUARDED_AVAILABILITY = YES_AGGRESSIVE;
				CLANG_WARN_UNREACHABLE_CODE = YES;
				CLANG_WARN__DUPLICATE_METHOD_MATCH = YES;
				CODE_SIGN_IDENTITY = "iPhone Developer";
				COPY_PHASE_STRIP = NO;
				DEBUG_INFORMATION_FORMAT = dwarf;
				ENABLE_STRICT_OBJC_MSGSEND = YES;
				ENABLE_TESTABILITY = YES;
				GCC_C_LANGUAGE_STANDARD = gnu11;
				GCC_DYNAMIC_NO_PIC = NO;
				GCC_NO_COMMON_BLOCKS = YES;
				GCC_OPTIMIZATION_LEVEL = 0;
				GCC_PREPROCESSOR_DEFINITIONS = (
					"DEBUG=1",
					"$(inherited)",
				);
				GCC_WARN_64_TO_32_BIT_CONVERSION = YES;
				GCC_WARN_ABOUT_RETURN_TYPE = YES_ERROR;
				GCC_WARN_UNDECLARED_SELECTOR = YES;
				GCC_WARN_UNINITIALIZED_AUTOS = YES_AGGRESSIVE;
				GCC_WARN_UNUSED_FUNCTION = YES;
				GCC_WARN_UNUSED_VARIABLE = YES;
				IPHONEOS_DEPLOYMENT_TARGET = 11.2;
				MTL_ENABLE_DEBUG_INFO = YES;
				ONLY_ACTIVE_ARCH = YES;
				SDKROOT = iphoneos;
				SWIFT_ACTIVE_COMPILATION_CONDITIONS = DEBUG;
				SWIFT_OPTIMIZATION_LEVEL = "-Onone";
			};
			name = Debug;
		};
		CB5B8291233B59F1007BDB0A /* Release */ = {
			isa = XCBuildConfiguration;
			buildSettings = {
				ALWAYS_SEARCH_USER_PATHS = NO;
				CLANG_ANALYZER_NONNULL = YES;
				CLANG_ANALYZER_NUMBER_OBJECT_CONVERSION = YES_AGGRESSIVE;
				CLANG_CXX_LANGUAGE_STANDARD = "gnu++14";
				CLANG_CXX_LIBRARY = "libc++";
				CLANG_ENABLE_MODULES = YES;
				CLANG_ENABLE_OBJC_ARC = YES;
				CLANG_WARN_BLOCK_CAPTURE_AUTORELEASING = YES;
				CLANG_WARN_BOOL_CONVERSION = YES;
				CLANG_WARN_COMMA = YES;
				CLANG_WARN_CONSTANT_CONVERSION = YES;
				CLANG_WARN_DIRECT_OBJC_ISA_USAGE = YES_ERROR;
				CLANG_WARN_DOCUMENTATION_COMMENTS = YES;
				CLANG_WARN_EMPTY_BODY = YES;
				CLANG_WARN_ENUM_CONVERSION = YES;
				CLANG_WARN_INFINITE_RECURSION = YES;
				CLANG_WARN_INT_CONVERSION = YES;
				CLANG_WARN_NON_LITERAL_NULL_CONVERSION = YES;
				CLANG_WARN_OBJC_LITERAL_CONVERSION = YES;
				CLANG_WARN_OBJC_ROOT_CLASS = YES_ERROR;
				CLANG_WARN_RANGE_LOOP_ANALYSIS = YES;
				CLANG_WARN_STRICT_PROTOTYPES = YES;
				CLANG_WARN_SUSPICIOUS_MOVE = YES;
				CLANG_WARN_UNGUARDED_AVAILABILITY = YES_AGGRESSIVE;
				CLANG_WARN_UNREACHABLE_CODE = YES;
				CLANG_WARN__DUPLICATE_METHOD_MATCH = YES;
				CODE_SIGN_IDENTITY = "iPhone Developer";
				COPY_PHASE_STRIP = NO;
				DEBUG_INFORMATION_FORMAT = "dwarf-with-dsym";
				ENABLE_NS_ASSERTIONS = NO;
				ENABLE_STRICT_OBJC_MSGSEND = YES;
				GCC_C_LANGUAGE_STANDARD = gnu11;
				GCC_NO_COMMON_BLOCKS = YES;
				GCC_WARN_64_TO_32_BIT_CONVERSION = YES;
				GCC_WARN_ABOUT_RETURN_TYPE = YES_ERROR;
				GCC_WARN_UNDECLARED_SELECTOR = YES;
				GCC_WARN_UNINITIALIZED_AUTOS = YES_AGGRESSIVE;
				GCC_WARN_UNUSED_FUNCTION = YES;
				GCC_WARN_UNUSED_VARIABLE = YES;
				IPHONEOS_DEPLOYMENT_TARGET = 11.2;
				MTL_ENABLE_DEBUG_INFO = NO;
				SDKROOT = iphoneos;
				SWIFT_OPTIMIZATION_LEVEL = "-Owholemodule";
				VALIDATE_PRODUCT = YES;
			};
			name = Release;
		};
		CB5B8293233B59F1007BDB0A /* Debug */ = {
			isa = XCBuildConfiguration;
			buildSettings = {
				ASSETCATALOG_COMPILER_APPICON_NAME = AppIcon;
				CODE_SIGN_STYLE = Automatic;
				INFOPLIST_FILE = CustomCell/Info.plist;
				LD_RUNPATH_SEARCH_PATHS = "$(inherited) @executable_path/Frameworks";
				PRODUCT_BUNDLE_IDENTIFIER = bg.CustomCell;
				PRODUCT_NAME = "$(TARGET_NAME)";
				SWIFT_VERSION = 4.0;
				TARGETED_DEVICE_FAMILY = "1,2";
			};
			name = Debug;
		};
		CB5B8294233B59F1007BDB0A /* Release */ = {
			isa = XCBuildConfiguration;
			buildSettings = {
				ASSETCATALOG_COMPILER_APPICON_NAME = AppIcon;
				CODE_SIGN_STYLE = Automatic;
				INFOPLIST_FILE = CustomCell/Info.plist;
				LD_RUNPATH_SEARCH_PATHS = "$(inherited) @executable_path/Frameworks";
				PRODUCT_BUNDLE_IDENTIFIER = bg.CustomCell;
				PRODUCT_NAME = "$(TARGET_NAME)";
				SWIFT_VERSION = 4.0;
				TARGETED_DEVICE_FAMILY = "1,2";
			};
			name = Release;
		};
		CB5B8296233B59F1007BDB0A /* Debug */ = {
			isa = XCBuildConfiguration;
			buildSettings = {
				ALWAYS_EMBED_SWIFT_STANDARD_LIBRARIES = YES;
				BUNDLE_LOADER = "$(TEST_HOST)";
				CODE_SIGN_STYLE = Automatic;
				INFOPLIST_FILE = CustomCellTests/Info.plist;
				LD_RUNPATH_SEARCH_PATHS = "$(inherited) @executable_path/Frameworks @loader_path/Frameworks";
				PRODUCT_BUNDLE_IDENTIFIER = bg.CustomCellTests;
				PRODUCT_NAME = "$(TARGET_NAME)";
				SWIFT_VERSION = 4.0;
				TARGETED_DEVICE_FAMILY = "1,2";
				TEST_HOST = "$(BUILT_PRODUCTS_DIR)/CustomCell.app/CustomCell";
			};
			name = Debug;
		};
		CB5B8297233B59F1007BDB0A /* Release */ = {
			isa = XCBuildConfiguration;
			buildSettings = {
				ALWAYS_EMBED_SWIFT_STANDARD_LIBRARIES = YES;
				BUNDLE_LOADER = "$(TEST_HOST)";
				CODE_SIGN_STYLE = Automatic;
				INFOPLIST_FILE = CustomCellTests/Info.plist;
				LD_RUNPATH_SEARCH_PATHS = "$(inherited) @executable_path/Frameworks @loader_path/Frameworks";
				PRODUCT_BUNDLE_IDENTIFIER = bg.CustomCellTests;
				PRODUCT_NAME = "$(TARGET_NAME)";
				SWIFT_VERSION = 4.0;
				TARGETED_DEVICE_FAMILY = "1,2";
				TEST_HOST = "$(BUILT_PRODUCTS_DIR)/CustomCell.app/CustomCell";
			};
			name = Release;
		};
		CB5B8299233B59F1007BDB0A /* Debug */ = {
			isa = XCBuildConfiguration;
			buildSettings = {
				ALWAYS_EMBED_SWIFT_STANDARD_LIBRARIES = YES;
				CODE_SIGN_STYLE = Automatic;
				INFOPLIST_FILE = CustomCellUITests/Info.plist;
				LD_RUNPATH_SEARCH_PATHS = "$(inherited) @executable_path/Frameworks @loader_path/Frameworks";
				PRODUCT_BUNDLE_IDENTIFIER = bg.CustomCellUITests;
				PRODUCT_NAME = "$(TARGET_NAME)";
				SWIFT_VERSION = 4.0;
				TARGETED_DEVICE_FAMILY = "1,2";
				TEST_TARGET_NAME = CustomCell;
			};
			name = Debug;
		};
		CB5B829A233B59F1007BDB0A /* Release */ = {
			isa = XCBuildConfiguration;
			buildSettings = {
				ALWAYS_EMBED_SWIFT_STANDARD_LIBRARIES = YES;
				CODE_SIGN_STYLE = Automatic;
				INFOPLIST_FILE = CustomCellUITests/Info.plist;
				LD_RUNPATH_SEARCH_PATHS = "$(inherited) @executable_path/Frameworks @loader_path/Frameworks";
				PRODUCT_BUNDLE_IDENTIFIER = bg.CustomCellUITests;
				PRODUCT_NAME = "$(TARGET_NAME)";
				SWIFT_VERSION = 4.0;
				TARGETED_DEVICE_FAMILY = "1,2";
				TEST_TARGET_NAME = CustomCell;
			};
			name = Release;
		};
/* End XCBuildConfiguration section */

/* Begin XCConfigurationList section */
		CB5B8262233B59F1007BDB0A /* Build configuration list for PBXProject "CustomCell" */ = {
			isa = XCConfigurationList;
			buildConfigurations = (
				CB5B8290233B59F1007BDB0A /* Debug */,
				CB5B8291233B59F1007BDB0A /* Release */,
			);
			defaultConfigurationIsVisible = 0;
			defaultConfigurationName = Release;
		};
		CB5B8292233B59F1007BDB0A /* Build configuration list for PBXNativeTarget "CustomCell" */ = {
			isa = XCConfigurationList;
			buildConfigurations = (
				CB5B8293233B59F1007BDB0A /* Debug */,
				CB5B8294233B59F1007BDB0A /* Release */,
			);
			defaultConfigurationIsVisible = 0;
			defaultConfigurationName = Release;
		};
		CB5B8295233B59F1007BDB0A /* Build configuration list for PBXNativeTarget "CustomCellTests" */ = {
			isa = XCConfigurationList;
			buildConfigurations = (
				CB5B8296233B59F1007BDB0A /* Debug */,
				CB5B8297233B59F1007BDB0A /* Release */,
			);
			defaultConfigurationIsVisible = 0;
			defaultConfigurationName = Release;
		};
		CB5B8298233B59F1007BDB0A /* Build configuration list for PBXNativeTarget "CustomCellUITests" */ = {
			isa = XCConfigurationList;
			buildConfigurations = (
				CB5B8299233B59F1007BDB0A /* Debug */,
				CB5B829A233B59F1007BDB0A /* Release */,
			);
			defaultConfigurationIsVisible = 0;
			defaultConfigurationName = Release;
		};
/* End XCConfigurationList section */

/* Begin XCVersionGroup section */
		CB5B8271233B59F1007BDB0A /* CustomCell.xcdatamodeld */ = {
			isa = XCVersionGroup;
			children = (
				CB5B8272233B59F1007BDB0A /* CustomCell.xcdatamodel */,
			);
			currentVersion = CB5B8272233B59F1007BDB0A /* CustomCell.xcdatamodel */;
			path = CustomCell.xcdatamodeld;
			sourceTree = "<group>";
			versionGroupType = wrapper.xcdatamodel;
		};
/* End XCVersionGroup section */
	};
	rootObject = CB5B825F233B59F1007BDB0A /* Project object */;
}
